
Microsoft Visual Studio Solution File, Format Version 12.00
# Visual Studio Version 16
VisualStudioVersion = 16.0.31205.134
MinimumVisualStudioVersion = 10.0.40219.1
Project("{FAE04EC0-301F-11D3-BF4B-00C04F79EFBC}") = "OpcDaClient", "OpcDaClient\OpcDaClient.csproj", "{2A501D95-C786-41FC-AF0C-A2F19F0DD7BE}"
EndProject
Global
	GlobalSection(SolutionConfigurationPlatforms) = preSolution
		Debug|Any CPU = Debug|Any CPU
		Release|Any CPU = Release|Any CPU
	EndGlobalSection
	GlobalSection(ProjectConfigurationPlatforms) = postSolution
		{2A501D95-C786-41FC-AF0C-A2F19F0DD7BE}.Debug|Any CPU.ActiveCfg = Debug|Any CPU
		{2A501D95-C786-41FC-AF0C-A2F19F0DD7BE}.Debug|Any CPU.Build.0 = Debug|Any CPU
		{2A501D95-C786-41FC-AF0C-A2F19F0DD7BE}.Release|Any CPU.ActiveCfg = Release|Any CPU
		{2A501D95-C786-41FC-AF0C-A2F19F0DD7BE}.Release|Any CPU.Build.0 = Release|Any CPU
	EndGlobalSection
	GlobalSection(SolutionProperties) = preSolution
		HideSolutionNode = FALSE
	EndGlobalSection
	GlobalSection(ExtensibilityGlobals) = postSolution
		SolutionGuid = {8A600CB1-B52D-45CC-A7B8-4013F55956C3}
	EndGlobalSection
EndGlobal
